// !$*UTF8*$!
{
	archiveVersion = 1;
	classes = {
	};
	objectVersion = 51;
	objects = {

/* Begin PBXBuildFile section */
		AED713847421538E4A7F4086 /* Pods_DesafioPicPayMobile.framework in Frameworks */ = {isa = PBXBuildFile; fileRef = E35FB40B9EE539B3380DC0A2 /* Pods_DesafioPicPayMobile.framework */; };
		B6544F85236F3CFA00DA527F /* AppDelegate.swift in Sources */ = {isa = PBXBuildFile; fileRef = B6544F84236F3CFA00DA527F /* AppDelegate.swift */; };
		B6544F87236F3CFA00DA527F /* SceneDelegate.swift in Sources */ = {isa = PBXBuildFile; fileRef = B6544F86236F3CFA00DA527F /* SceneDelegate.swift */; };
		B6544F89236F3CFA00DA527F /* ViewController.swift in Sources */ = {isa = PBXBuildFile; fileRef = B6544F88236F3CFA00DA527F /* ViewController.swift */; };
		B6544F8E236F3CFC00DA527F /* Assets.xcassets in Resources */ = {isa = PBXBuildFile; fileRef = B6544F8D236F3CFC00DA527F /* Assets.xcassets */; };
		B6544F91236F3CFC00DA527F /* LaunchScreen.storyboard in Resources */ = {isa = PBXBuildFile; fileRef = B6544F8F236F3CFC00DA527F /* LaunchScreen.storyboard */; };
		B6544F9D236F3F6600DA527F /* ContactsTableViewController.swift in Sources */ = {isa = PBXBuildFile; fileRef = B6544F9C236F3F6600DA527F /* ContactsTableViewController.swift */; };
		B6544F9F236F43E900DA527F /* Contato.swift in Sources */ = {isa = PBXBuildFile; fileRef = B6544F9E236F43E900DA527F /* Contato.swift */; };
		B6544FA1236F448500DA527F /* ContatosCelula.swift in Sources */ = {isa = PBXBuildFile; fileRef = B6544FA0236F448500DA527F /* ContatosCelula.swift */; };
		B6544FA3236F4FFE00DA527F /* RegisterCCViewController.swift in Sources */ = {isa = PBXBuildFile; fileRef = B6544FA2236F4FFE00DA527F /* RegisterCCViewController.swift */; };
		B6544FA5236F50A300DA527F /* RegisterCCViewControllerEXData.swift in Sources */ = {isa = PBXBuildFile; fileRef = B6544FA4236F50A300DA527F /* RegisterCCViewControllerEXData.swift */; };
		B6544FA7236F51D200DA527F /* NavigationBar.swift in Sources */ = {isa = PBXBuildFile; fileRef = B6544FA6236F51D200DA527F /* NavigationBar.swift */; };
		B6544FA9236F54FB00DA527F /* Lines.swift in Sources */ = {isa = PBXBuildFile; fileRef = B6544FA8236F54FB00DA527F /* Lines.swift */; };
		B6544FAB236F558B00DA527F /* RegisterPrimingViewController.swift in Sources */ = {isa = PBXBuildFile; fileRef = B6544FAA236F558B00DA527F /* RegisterPrimingViewController.swift */; };
		B6544FAD236F57C600DA527F /* PaymentViewController.swift in Sources */ = {isa = PBXBuildFile; fileRef = B6544FAC236F57C600DA527F /* PaymentViewController.swift */; };
		B668E5722370639B00F85BA9 /* MyAwesomeViewController.swift in Sources */ = {isa = PBXBuildFile; fileRef = B668E5712370639B00F85BA9 /* MyAwesomeViewController.swift */; };
		B668E574237063E200F85BA9 /* ReciboViewController.swift in Sources */ = {isa = PBXBuildFile; fileRef = B668E573237063E200F85BA9 /* ReciboViewController.swift */; };
		B668E5762370647B00F85BA9 /* CreditCardData.swift in Sources */ = {isa = PBXBuildFile; fileRef = B668E5752370647B00F85BA9 /* CreditCardData.swift */; };
		B668E5782370687200F85BA9 /* PaymentPost.swift in Sources */ = {isa = PBXBuildFile; fileRef = B668E5772370687200F85BA9 /* PaymentPost.swift */; };
		B67C63782371F6090014912E /* Transaction.swift in Sources */ = {isa = PBXBuildFile; fileRef = B67C63772371F6090014912E /* Transaction.swift */; };
		B67C637A237239990014912E /* RegisterCCModel.swift in Sources */ = {isa = PBXBuildFile; fileRef = B67C6379237239990014912E /* RegisterCCModel.swift */; };
		B67C637E237246C20014912E /* PaymentViewModel.swift in Sources */ = {isa = PBXBuildFile; fileRef = B67C637D237246C20014912E /* PaymentViewModel.swift */; };
		B68D037123732E02004584D6 /* TextFormatter.swift in Sources */ = {isa = PBXBuildFile; fileRef = B68D037023732E02004584D6 /* TextFormatter.swift */; };
/* End PBXBuildFile section */

/* Begin PBXFileReference section */
		B6544F81236F3CFA00DA527F /* DesafioPicPayMobile.app */ = {isa = PBXFileReference; explicitFileType = wrapper.application; includeInIndex = 0; path = DesafioPicPayMobile.app; sourceTree = BUILT_PRODUCTS_DIR; };
		B6544F84236F3CFA00DA527F /* AppDelegate.swift */ = {isa = PBXFileReference; lastKnownFileType = sourcecode.swift; path = AppDelegate.swift; sourceTree = "<group>"; };
		B6544F86236F3CFA00DA527F /* SceneDelegate.swift */ = {isa = PBXFileReference; lastKnownFileType = sourcecode.swift; path = SceneDelegate.swift; sourceTree = "<group>"; };
		B6544F88236F3CFA00DA527F /* ViewController.swift */ = {isa = PBXFileReference; lastKnownFileType = sourcecode.swift; path = ViewController.swift; sourceTree = "<group>"; };
		B6544F8D236F3CFC00DA527F /* Assets.xcassets */ = {isa = PBXFileReference; lastKnownFileType = folder.assetcatalog; path = Assets.xcassets; sourceTree = "<group>"; };
		B6544F90236F3CFC00DA527F /* Base */ = {isa = PBXFileReference; lastKnownFileType = file.storyboard; name = Base; path = Base.lproj/LaunchScreen.storyboard; sourceTree = "<group>"; };
		B6544F92236F3CFC00DA527F /* Info.plist */ = {isa = PBXFileReference; lastKnownFileType = text.plist.xml; path = Info.plist; sourceTree = "<group>"; };
		B6544F9C236F3F6600DA527F /* ContactsTableViewController.swift */ = {isa = PBXFileReference; lastKnownFileType = sourcecode.swift; path = ContactsTableViewController.swift; sourceTree = "<group>"; };
		B6544F9E236F43E900DA527F /* Contato.swift */ = {isa = PBXFileReference; lastKnownFileType = sourcecode.swift; path = Contato.swift; sourceTree = "<group>"; };
		B6544FA0236F448500DA527F /* ContatosCelula.swift */ = {isa = PBXFileReference; lastKnownFileType = sourcecode.swift; path = ContatosCelula.swift; sourceTree = "<group>"; };
		B6544FA2236F4FFE00DA527F /* RegisterCCViewController.swift */ = {isa = PBXFileReference; lastKnownFileType = sourcecode.swift; path = RegisterCCViewController.swift; sourceTree = "<group>"; };
		B6544FA4236F50A300DA527F /* RegisterCCViewControllerEXData.swift */ = {isa = PBXFileReference; lastKnownFileType = sourcecode.swift; path = RegisterCCViewControllerEXData.swift; sourceTree = "<group>"; };
		B6544FA6236F51D200DA527F /* NavigationBar.swift */ = {isa = PBXFileReference; lastKnownFileType = sourcecode.swift; path = NavigationBar.swift; sourceTree = "<group>"; };
		B6544FA8236F54FB00DA527F /* Lines.swift */ = {isa = PBXFileReference; lastKnownFileType = sourcecode.swift; path = Lines.swift; sourceTree = "<group>"; };
		B6544FAA236F558B00DA527F /* RegisterPrimingViewController.swift */ = {isa = PBXFileReference; lastKnownFileType = sourcecode.swift; path = RegisterPrimingViewController.swift; sourceTree = "<group>"; };
		B6544FAC236F57C600DA527F /* PaymentViewController.swift */ = {isa = PBXFileReference; lastKnownFileType = sourcecode.swift; path = PaymentViewController.swift; sourceTree = "<group>"; };
		B668E5712370639B00F85BA9 /* MyAwesomeViewController.swift */ = {isa = PBXFileReference; lastKnownFileType = sourcecode.swift; path = MyAwesomeViewController.swift; sourceTree = "<group>"; };
		B668E573237063E200F85BA9 /* ReciboViewController.swift */ = {isa = PBXFileReference; lastKnownFileType = sourcecode.swift; path = ReciboViewController.swift; sourceTree = "<group>"; };
		B668E5752370647B00F85BA9 /* CreditCardData.swift */ = {isa = PBXFileReference; lastKnownFileType = sourcecode.swift; path = CreditCardData.swift; sourceTree = "<group>"; };
		B668E5772370687200F85BA9 /* PaymentPost.swift */ = {isa = PBXFileReference; lastKnownFileType = sourcecode.swift; path = PaymentPost.swift; sourceTree = "<group>"; };
		B67C63772371F6090014912E /* Transaction.swift */ = {isa = PBXFileReference; lastKnownFileType = sourcecode.swift; path = Transaction.swift; sourceTree = "<group>"; };
		B67C6379237239990014912E /* RegisterCCModel.swift */ = {isa = PBXFileReference; lastKnownFileType = sourcecode.swift; path = RegisterCCModel.swift; sourceTree = "<group>"; };
		B67C637D237246C20014912E /* PaymentViewModel.swift */ = {isa = PBXFileReference; lastKnownFileType = sourcecode.swift; path = PaymentViewModel.swift; sourceTree = "<group>"; };
		B68D037023732E02004584D6 /* TextFormatter.swift */ = {isa = PBXFileReference; lastKnownFileType = sourcecode.swift; path = TextFormatter.swift; sourceTree = "<group>"; };
		C1A403395624B5096A3E2ABE /* Pods-DesafioPicPayMobile.release.xcconfig */ = {isa = PBXFileReference; includeInIndex = 1; lastKnownFileType = text.xcconfig; name = "Pods-DesafioPicPayMobile.release.xcconfig"; path = "Target Support Files/Pods-DesafioPicPayMobile/Pods-DesafioPicPayMobile.release.xcconfig"; sourceTree = "<group>"; };
		CE8DF0335AB13B4A03E1C9B6 /* Pods-DesafioPicPayMobile.debug.xcconfig */ = {isa = PBXFileReference; includeInIndex = 1; lastKnownFileType = text.xcconfig; name = "Pods-DesafioPicPayMobile.debug.xcconfig"; path = "Target Support Files/Pods-DesafioPicPayMobile/Pods-DesafioPicPayMobile.debug.xcconfig"; sourceTree = "<group>"; };
		E35FB40B9EE539B3380DC0A2 /* Pods_DesafioPicPayMobile.framework */ = {isa = PBXFileReference; explicitFileType = wrapper.framework; includeInIndex = 0; path = Pods_DesafioPicPayMobile.framework; sourceTree = BUILT_PRODUCTS_DIR; };
/* End PBXFileReference section */

/* Begin PBXFrameworksBuildPhase section */
		B6544F7E236F3CFA00DA527F /* Frameworks */ = {
			isa = PBXFrameworksBuildPhase;
			buildActionMask = 2147483647;
			files = (
				AED713847421538E4A7F4086 /* Pods_DesafioPicPayMobile.framework in Frameworks */,
			);
			runOnlyForDeploymentPostprocessing = 0;
		};
/* End PBXFrameworksBuildPhase section */

/* Begin PBXGroup section */
		32C01CD6FC681D1F36633B5D /* Pods */ = {
			isa = PBXGroup;
			children = (
				CE8DF0335AB13B4A03E1C9B6 /* Pods-DesafioPicPayMobile.debug.xcconfig */,
				C1A403395624B5096A3E2ABE /* Pods-DesafioPicPayMobile.release.xcconfig */,
			);
			path = Pods;
			sourceTree = "<group>";
		};
		92FF75BA48D376B912859E5B /* Frameworks */ = {
			isa = PBXGroup;
			children = (
				E35FB40B9EE539B3380DC0A2 /* Pods_DesafioPicPayMobile.framework */,
			);
			name = Frameworks;
			sourceTree = "<group>";
		};
		B6544F78236F3CFA00DA527F = {
			isa = PBXGroup;
			children = (
				B6544F83236F3CFA00DA527F /* DesafioPicPayMobile */,
				B6544F82236F3CFA00DA527F /* Products */,
				32C01CD6FC681D1F36633B5D /* Pods */,
				92FF75BA48D376B912859E5B /* Frameworks */,
			);
			sourceTree = "<group>";
		};
		B6544F82236F3CFA00DA527F /* Products */ = {
			isa = PBXGroup;
			children = (
				B6544F81236F3CFA00DA527F /* DesafioPicPayMobile.app */,
			);
			name = Products;
			sourceTree = "<group>";
		};
		B6544F83236F3CFA00DA527F /* DesafioPicPayMobile */ = {
			isa = PBXGroup;
			children = (
				B6544F99236F3EED00DA527F /* Model */,
				B6544F9A236F3EF700DA527F /* View */,
				B6544F9B236F3F0500DA527F /* View Model */,
				B6544F98236F3D3200DA527F /* Supporting Files */,
			);
			path = DesafioPicPayMobile;
			sourceTree = "<group>";
		};
		B6544F98236F3D3200DA527F /* Supporting Files */ = {
			isa = PBXGroup;
			children = (
				B6544F84236F3CFA00DA527F /* AppDelegate.swift */,
				B6544F86236F3CFA00DA527F /* SceneDelegate.swift */,
				B6544F8D236F3CFC00DA527F /* Assets.xcassets */,
				B6544F8F236F3CFC00DA527F /* LaunchScreen.storyboard */,
				B6544F92236F3CFC00DA527F /* Info.plist */,
			);
			path = "Supporting Files";
			sourceTree = "<group>";
		};
		B6544F99236F3EED00DA527F /* Model */ = {
			isa = PBXGroup;
			children = (
				B6544F9E236F43E900DA527F /* Contato.swift */,
				B668E5752370647B00F85BA9 /* CreditCardData.swift */,
				B67C63772371F6090014912E /* Transaction.swift */,
			);
			path = Model;
			sourceTree = "<group>";
		};
		B6544F9A236F3EF700DA527F /* View */ = {
			isa = PBXGroup;
			children = (
				B6544F88236F3CFA00DA527F /* ViewController.swift */,
				B6544F9C236F3F6600DA527F /* ContactsTableViewController.swift */,
				B6544FA2236F4FFE00DA527F /* RegisterCCViewController.swift */,
				B6544FA4236F50A300DA527F /* RegisterCCViewControllerEXData.swift */,
				B6544FAC236F57C600DA527F /* PaymentViewController.swift */,
				B668E5772370687200F85BA9 /* PaymentPost.swift */,
				B668E5712370639B00F85BA9 /* MyAwesomeViewController.swift */,
			);
			path = View;
			sourceTree = "<group>";
		};
		B6544F9B236F3F0500DA527F /* View Model */ = {
			isa = PBXGroup;
			children = (
				B6544FA0236F448500DA527F /* ContatosCelula.swift */,
				B6544FA6236F51D200DA527F /* NavigationBar.swift */,
				B6544FA8236F54FB00DA527F /* Lines.swift */,
				B6544FAA236F558B00DA527F /* RegisterPrimingViewController.swift */,
				B668E573237063E200F85BA9 /* ReciboViewController.swift */,
				B67C6379237239990014912E /* RegisterCCModel.swift */,
				B67C637D237246C20014912E /* PaymentViewModel.swift */,
				B68D037023732E02004584D6 /* TextFormatter.swift */,
			);
			path = "View Model";
			sourceTree = "<group>";
		};
/* End PBXGroup section */

/* Begin PBXNativeTarget section */
		B6544F80236F3CFA00DA527F /* DesafioPicPayMobile */ = {
			isa = PBXNativeTarget;
			buildConfigurationList = B6544F95236F3CFC00DA527F /* Build configuration list for PBXNativeTarget "DesafioPicPayMobile" */;
			buildPhases = (
				1D71472B30B99E41448A09F3 /* [CP] Check Pods Manifest.lock */,
				B6544F7D236F3CFA00DA527F /* Sources */,
				B6544F7E236F3CFA00DA527F /* Frameworks */,
				B6544F7F236F3CFA00DA527F /* Resources */,
				60C6BB02F6C2ADCC9EBDF7CE /* [CP] Embed Pods Frameworks */,
			);
			buildRules = (
			);
			dependencies = (
			);
			name = DesafioPicPayMobile;
			productName = DesafioPicPayMobile;
			productReference = B6544F81236F3CFA00DA527F /* DesafioPicPayMobile.app */;
			productType = "com.apple.product-type.application";
		};
/* End PBXNativeTarget section */

/* Begin PBXProject section */
		B6544F79236F3CFA00DA527F /* Project object */ = {
			isa = PBXProject;
			attributes = {
				LastSwiftUpdateCheck = 1110;
				LastUpgradeCheck = 1110;
				ORGANIZATIONNAME = "Kelvin Batista Machado";
				TargetAttributes = {
					B6544F80236F3CFA00DA527F = {
						CreatedOnToolsVersion = 11.1;
					};
				};
			};
			buildConfigurationList = B6544F7C236F3CFA00DA527F /* Build configuration list for PBXProject "DesafioPicPayMobile" */;
			compatibilityVersion = "Xcode 9.3";
			developmentRegion = en;
			hasScannedForEncodings = 0;
			knownRegions = (
				en,
				Base,
			);
			mainGroup = B6544F78236F3CFA00DA527F;
			productRefGroup = B6544F82236F3CFA00DA527F /* Products */;
			projectDirPath = "";
			projectRoot = "";
			targets = (
				B6544F80236F3CFA00DA527F /* DesafioPicPayMobile */,
			);
		};
/* End PBXProject section */

/* Begin PBXResourcesBuildPhase section */
		B6544F7F236F3CFA00DA527F /* Resources */ = {
			isa = PBXResourcesBuildPhase;
			buildActionMask = 2147483647;
			files = (
				B6544F91236F3CFC00DA527F /* LaunchScreen.storyboard in Resources */,
				B6544F8E236F3CFC00DA527F /* Assets.xcassets in Resources */,
			);
			runOnlyForDeploymentPostprocessing = 0;
		};
/* End PBXResourcesBuildPhase section */

/* Begin PBXShellScriptBuildPhase section */
		1D71472B30B99E41448A09F3 /* [CP] Check Pods Manifest.lock */ = {
			isa = PBXShellScriptBuildPhase;
			buildActionMask = 2147483647;
			files = (
			);
			inputFileListPaths = (
			);
			inputPaths = (
				"${PODS_PODFILE_DIR_PATH}/Podfile.lock",
				"${PODS_ROOT}/Manifest.lock",
			);
			name = "[CP] Check Pods Manifest.lock";
			outputFileListPaths = (
			);
			outputPaths = (
				"$(DERIVED_FILE_DIR)/Pods-DesafioPicPayMobile-checkManifestLockResult.txt",
			);
			runOnlyForDeploymentPostprocessing = 0;
			shellPath = /bin/sh;
			shellScript = "diff \"${PODS_PODFILE_DIR_PATH}/Podfile.lock\" \"${PODS_ROOT}/Manifest.lock\" > /dev/null\nif [ $? != 0 ] ; then\n    # print error to STDERR\n    echo \"error: The sandbox is not in sync with the Podfile.lock. Run 'pod install' or update your CocoaPods installation.\" >&2\n    exit 1\nfi\n# This output is used by Xcode 'outputs' to avoid re-running this script phase.\necho \"SUCCESS\" > \"${SCRIPT_OUTPUT_FILE_0}\"\n";
			showEnvVarsInLog = 0;
		};
		60C6BB02F6C2ADCC9EBDF7CE /* [CP] Embed Pods Frameworks */ = {
			isa = PBXShellScriptBuildPhase;
			buildActionMask = 2147483647;
			files = (
			);
			inputFileListPaths = (
				"${PODS_ROOT}/Target Support Files/Pods-DesafioPicPayMobile/Pods-DesafioPicPayMobile-frameworks-${CONFIGURATION}-input-files.xcfilelist",
			);
			name = "[CP] Embed Pods Frameworks";
			outputFileListPaths = (
				"${PODS_ROOT}/Target Support Files/Pods-DesafioPicPayMobile/Pods-DesafioPicPayMobile-frameworks-${CONFIGURATION}-output-files.xcfilelist",
			);
			runOnlyForDeploymentPostprocessing = 0;
			shellPath = /bin/sh;
			shellScript = "\"${PODS_ROOT}/Target Support Files/Pods-DesafioPicPayMobile/Pods-DesafioPicPayMobile-frameworks.sh\"\n";
			showEnvVarsInLog = 0;
		};
/* End PBXShellScriptBuildPhase section */

/* Begin PBXSourcesBuildPhase section */
		B6544F7D236F3CFA00DA527F /* Sources */ = {
			isa = PBXSourcesBuildPhase;
			buildActionMask = 2147483647;
			files = (
				B668E5782370687200F85BA9 /* PaymentPost.swift in Sources */,
				B6544FA5236F50A300DA527F /* RegisterCCViewControllerEXData.swift in Sources */,
				B6544FA9236F54FB00DA527F /* Lines.swift in Sources */,
				B6544F9D236F3F6600DA527F /* ContactsTableViewController.swift in Sources */,
				B6544FA3236F4FFE00DA527F /* RegisterCCViewController.swift in Sources */,
				B6544F89236F3CFA00DA527F /* ViewController.swift in Sources */,
				B67C63782371F6090014912E /* Transaction.swift in Sources */,
				B6544F85236F3CFA00DA527F /* AppDelegate.swift in Sources */,
				B6544FA7236F51D200DA527F /* NavigationBar.swift in Sources */,
				B67C637E237246C20014912E /* PaymentViewModel.swift in Sources */,
				B6544FAD236F57C600DA527F /* PaymentViewController.swift in Sources */,
				B668E574237063E200F85BA9 /* ReciboViewController.swift in Sources */,
				B668E5722370639B00F85BA9 /* MyAwesomeViewController.swift in Sources */,
				B6544F9F236F43E900DA527F /* Contato.swift in Sources */,
				B668E5762370647B00F85BA9 /* CreditCardData.swift in Sources */,
				B68D037123732E02004584D6 /* TextFormatter.swift in Sources */,
				B67C637A237239990014912E /* RegisterCCModel.swift in Sources */,
				B6544FA1236F448500DA527F /* ContatosCelula.swift in Sources */,
				B6544F87236F3CFA00DA527F /* SceneDelegate.swift in Sources */,
				B6544FAB236F558B00DA527F /* RegisterPrimingViewController.swift in Sources */,
			);
			runOnlyForDeploymentPostprocessing = 0;
		};
/* End PBXSourcesBuildPhase section */

/* Begin PBXVariantGroup section */
		B6544F8F236F3CFC00DA527F /* LaunchScreen.storyboard */ = {
			isa = PBXVariantGroup;
			children = (
				B6544F90236F3CFC00DA527F /* Base */,
			);
			name = LaunchScreen.storyboard;
			sourceTree = "<group>";
		};
/* End PBXVariantGroup section */

/* Begin XCBuildConfiguration section */
		B6544F93236F3CFC00DA527F /* Debug */ = {
			isa = XCBuildConfiguration;
			buildSettings = {
				ALWAYS_SEARCH_USER_PATHS = NO;
				CLANG_ANALYZER_NONNULL = YES;
				CLANG_ANALYZER_NUMBER_OBJECT_CONVERSION = YES_AGGRESSIVE;
				CLANG_CXX_LANGUAGE_STANDARD = "gnu++14";
				CLANG_CXX_LIBRARY = "libc++";
				CLANG_ENABLE_MODULES = YES;
				CLANG_ENABLE_OBJC_ARC = YES;
				CLANG_ENABLE_OBJC_WEAK = YES;
				CLANG_WARN_BLOCK_CAPTURE_AUTORELEASING = YES;
				CLANG_WARN_BOOL_CONVERSION = YES;
				CLANG_WARN_COMMA = YES;
				CLANG_WARN_CONSTANT_CONVERSION = YES;
				CLANG_WARN_DEPRECATED_OBJC_IMPLEMENTATIONS = YES;
				CLANG_WARN_DIRECT_OBJC_ISA_USAGE = YES_ERROR;
				CLANG_WARN_DOCUMENTATION_COMMENTS = YES;
				CLANG_WARN_EMPTY_BODY = YES;
				CLANG_WARN_ENUM_CONVERSION = YES;
				CLANG_WARN_INFINITE_RECURSION = YES;
				CLANG_WARN_INT_CONVERSION = YES;
				CLANG_WARN_NON_LITERAL_NULL_CONVERSION = YES;
				CLANG_WARN_OBJC_IMPLICIT_RETAIN_SELF = YES;
				CLANG_WARN_OBJC_LITERAL_CONVERSION = YES;
				CLANG_WARN_OBJC_ROOT_CLASS = YES_ERROR;
				CLANG_WARN_RANGE_LOOP_ANALYSIS = YES;
				CLANG_WARN_STRICT_PROTOTYPES = YES;
				CLANG_WARN_SUSPICIOUS_MOVE = YES;
				CLANG_WARN_UNGUARDED_AVAILABILITY = YES_AGGRESSIVE;
				CLANG_WARN_UNREACHABLE_CODE = YES;
				CLANG_WARN__DUPLICATE_METHOD_MATCH = YES;
				COPY_PHASE_STRIP = NO;
				DEBUG_INFORMATION_FORMAT = dwarf;
				ENABLE_STRICT_OBJC_MSGSEND = YES;
				ENABLE_TESTABILITY = YES;
				GCC_C_LANGUAGE_STANDARD = gnu11;
				GCC_DYNAMIC_NO_PIC = NO;
				GCC_NO_COMMON_BLOCKS = YES;
				GCC_OPTIMIZATION_LEVEL = 0;
				GCC_PREPROCESSOR_DEFINITIONS = (
					"DEBUG=1",
					"$(inherited)",
				);
				GCC_WARN_64_TO_32_BIT_CONVERSION = YES;
				GCC_WARN_ABOUT_RETURN_TYPE = YES_ERROR;
				GCC_WARN_UNDECLARED_SELECTOR = YES;
				GCC_WARN_UNINITIALIZED_AUTOS = YES_AGGRESSIVE;
				GCC_WARN_UNUSED_FUNCTION = YES;
				GCC_WARN_UNUSED_VARIABLE = YES;
				IPHONEOS_DEPLOYMENT_TARGET = 13.1;
				MTL_ENABLE_DEBUG_INFO = INCLUDE_SOURCE;
				MTL_FAST_MATH = YES;
				ONLY_ACTIVE_ARCH = YES;
				SDKROOT = iphoneos;
				SWIFT_ACTIVE_COMPILATION_CONDITIONS = DEBUG;
				SWIFT_OPTIMIZATION_LEVEL = "-Onone";
			};
			name = Debug;
		};
		B6544F94236F3CFC00DA527F /* Release */ = {
			isa = XCBuildConfiguration;
			buildSettings = {
				ALWAYS_SEARCH_USER_PATHS = NO;
				CLANG_ANALYZER_NONNULL = YES;
				CLANG_ANALYZER_NUMBER_OBJECT_CONVERSION = YES_AGGRESSIVE;
				CLANG_CXX_LANGUAGE_STANDARD = "gnu++14";
				CLANG_CXX_LIBRARY = "libc++";
				CLANG_ENABLE_MODULES = YES;
				CLANG_ENABLE_OBJC_ARC = YES;
				CLANG_ENABLE_OBJC_WEAK = YES;
				CLANG_WARN_BLOCK_CAPTURE_AUTORELEASING = YES;
				CLANG_WARN_BOOL_CONVERSION = YES;
				CLANG_WARN_COMMA = YES;
				CLANG_WARN_CONSTANT_CONVERSION = YES;
				CLANG_WARN_DEPRECATED_OBJC_IMPLEMENTATIONS = YES;
				CLANG_WARN_DIRECT_OBJC_ISA_USAGE = YES_ERROR;
				CLANG_WARN_DOCUMENTATION_COMMENTS = YES;
				CLANG_WARN_EMPTY_BODY = YES;
				CLANG_WARN_ENUM_CONVERSION = YES;
				CLANG_WARN_INFINITE_RECURSION = YES;
				CLANG_WARN_INT_CONVERSION = YES;
				CLANG_WARN_NON_LITERAL_NULL_CONVERSION = YES;
				CLANG_WARN_OBJC_IMPLICIT_RETAIN_SELF = YES;
				CLANG_WARN_OBJC_LITERAL_CONVERSION = YES;
				CLANG_WARN_OBJC_ROOT_CLASS = YES_ERROR;
				CLANG_WARN_RANGE_LOOP_ANALYSIS = YES;
				CLANG_WARN_STRICT_PROTOTYPES = YES;
				CLANG_WARN_SUSPICIOUS_MOVE = YES;
				CLANG_WARN_UNGUARDED_AVAILABILITY = YES_AGGRESSIVE;
				CLANG_WARN_UNREACHABLE_CODE = YES;
				CLANG_WARN__DUPLICATE_METHOD_MATCH = YES;
				COPY_PHASE_STRIP = NO;
				DEBUG_INFORMATION_FORMAT = "dwarf-with-dsym";
				ENABLE_NS_ASSERTIONS = NO;
				ENABLE_STRICT_OBJC_MSGSEND = YES;
				GCC_C_LANGUAGE_STANDARD = gnu11;
				GCC_NO_COMMON_BLOCKS = YES;
				GCC_WARN_64_TO_32_BIT_CONVERSION = YES;
				GCC_WARN_ABOUT_RETURN_TYPE = YES_ERROR;
				GCC_WARN_UNDECLARED_SELECTOR = YES;
				GCC_WARN_UNINITIALIZED_AUTOS = YES_AGGRESSIVE;
				GCC_WARN_UNUSED_FUNCTION = YES;
				GCC_WARN_UNUSED_VARIABLE = YES;
				IPHONEOS_DEPLOYMENT_TARGET = 13.1;
				MTL_ENABLE_DEBUG_INFO = NO;
				MTL_FAST_MATH = YES;
				SDKROOT = iphoneos;
				SWIFT_COMPILATION_MODE = wholemodule;
				SWIFT_OPTIMIZATION_LEVEL = "-O";
				VALIDATE_PRODUCT = YES;
			};
			name = Release;
		};
		B6544F96236F3CFC00DA527F /* Debug */ = {
			isa = XCBuildConfiguration;
			baseConfigurationReference = CE8DF0335AB13B4A03E1C9B6 /* Pods-DesafioPicPayMobile.debug.xcconfig */;
			buildSettings = {
				ASSETCATALOG_COMPILER_APPICON_NAME = AppIcon;
				CODE_SIGN_STYLE = Automatic;
				DEVELOPMENT_TEAM = 2FXPMLN8LH;
				INFOPLIST_FILE = "DesafioPicPayMobile/Supporting Files/Info.plist";
				LD_RUNPATH_SEARCH_PATHS = (
					"$(inherited)",
					"@executable_path/Frameworks",
				);
				PRODUCT_BUNDLE_IDENTIFIER = com.projects.kelvinmachado.DesafioPicPayMobile;
				PRODUCT_NAME = "$(TARGET_NAME)";
				SWIFT_VERSION = 5.0;
				TARGETED_DEVICE_FAMILY = "1,2";
			};
			name = Debug;
		};
		B6544F97236F3CFC00DA527F /* Release */ = {
			isa = XCBuildConfiguration;
			baseConfigurationReference = C1A403395624B5096A3E2ABE /* Pods-DesafioPicPayMobile.release.xcconfig */;
			buildSettings = {
				ASSETCATALOG_COMPILER_APPICON_NAME = AppIcon;
				CODE_SIGN_STYLE = Automatic;
				DEVELOPMENT_TEAM = 2FXPMLN8LH;
				INFOPLIST_FILE = "DesafioPicPayMobile/Supporting Files/Info.plist";
				LD_RUNPATH_SEARCH_PATHS = (
					"$(inherited)",
					"@executable_path/Frameworks",
				);
				PRODUCT_BUNDLE_IDENTIFIER = com.projects.kelvinmachado.DesafioPicPayMobile;
				PRODUCT_NAME = "$(TARGET_NAME)";
				SWIFT_VERSION = 5.0;
				TARGETED_DEVICE_FAMILY = "1,2";
			};
			name = Release;
		};
/* End XCBuildConfiguration section */

/* Begin XCConfigurationList section */
		B6544F7C236F3CFA00DA527F /* Build configuration list for PBXProject "DesafioPicPayMobile" */ = {
			isa = XCConfigurationList;
			buildConfigurations = (
				B6544F93236F3CFC00DA527F /* Debug */,
				B6544F94236F3CFC00DA527F /* Release */,
			);
			defaultConfigurationIsVisible = 0;
			defaultConfigurationName = Release;
		};
		B6544F95236F3CFC00DA527F /* Build configuration list for PBXNativeTarget "DesafioPicPayMobile" */ = {
			isa = XCConfigurationList;
			buildConfigurations = (
				B6544F96236F3CFC00DA527F /* Debug */,
				B6544F97236F3CFC00DA527F /* Release */,
			);
			defaultConfigurationIsVisible = 0;
			defaultConfigurationName = Release;
		};
/* End XCConfigurationList section */
	};
	rootObject = B6544F79236F3CFA00DA527F /* Project object */;
}
